
Microsoft Visual Studio Solution File, Format Version 12.00
# Visual Studio 15
VisualStudioVersion = 15.0.28307.779
MinimumVisualStudioVersion = 10.0.40219.1
Project("{FAE04EC0-301F-11D3-BF4B-00C04F79EFBC}") = "CareConnection.Android", "CareConnection\CareConnection.Android\CareConnection.Android.csproj", "{3D741457-3DDC-4CAD-B527-842E7A02E5E2}"
EndProject
Project("{FAE04EC0-301F-11D3-BF4B-00C04F79EFBC}") = "CareConnection.iOS", "CareConnection\CareConnection.iOS\CareConnection.iOS.csproj", "{04C20662-79AD-4667-A05D-0EEE955C7170}"
EndProject
Project("{9A19103F-16F7-4668-BE54-9A1E7A4F7556}") = "CareConnection.Core", "CareConnection\CareConnection\CareConnection.Core.csproj", "{3250BA6D-7CBE-4C43-8ED5-191F696EF7A1}"
EndProject
Global
	GlobalSection(SolutionConfigurationPlatforms) = preSolution
		Ad-Hoc|Any CPU = Ad-Hoc|Any CPU
		Ad-Hoc|iPhone = Ad-Hoc|iPhone
		Ad-Hoc|iPhoneSimulator = Ad-Hoc|iPhoneSimulator
		AppStore|Any CPU = AppStore|Any CPU
		AppStore|iPhone = AppStore|iPhone
		AppStore|iPhoneSimulator = AppStore|iPhoneSimulator
		Debug|Any CPU = Debug|Any CPU
		Debug|iPhone = Debug|iPhone
		Debug|iPhoneSimulator = Debug|iPhoneSimulator
		Release|Any CPU = Release|Any CPU
		Release|iPhone = Release|iPhone
		Release|iPhoneSimulator = Release|iPhoneSimulator
	EndGlobalSection
	GlobalSection(ProjectConfigurationPlatforms) = postSolution
		{3D741457-3DDC-4CAD-B527-842E7A02E5E2}.Ad-Hoc|Any CPU.ActiveCfg = Release|Any CPU
		{3D741457-3DDC-4CAD-B527-842E7A02E5E2}.Ad-Hoc|Any CPU.Build.0 = Release|Any CPU
		{3D741457-3DDC-4CAD-B527-842E7A02E5E2}.Ad-Hoc|Any CPU.Deploy.0 = Release|Any CPU
		{3D741457-3DDC-4CAD-B527-842E7A02E5E2}.Ad-Hoc|iPhone.ActiveCfg = Release|Any CPU
		{3D741457-3DDC-4CAD-B527-842E7A02E5E2}.Ad-Hoc|iPhone.Build.0 = Release|Any CPU
		{3D741457-3DDC-4CAD-B527-842E7A02E5E2}.Ad-Hoc|iPhone.Deploy.0 = Release|Any CPU
		{3D741457-3DDC-4CAD-B527-842E7A02E5E2}.Ad-Hoc|iPhoneSimulator.ActiveCfg = Release|Any CPU
		{3D741457-3DDC-4CAD-B527-842E7A02E5E2}.Ad-Hoc|iPhoneSimulator.Build.0 = Release|Any CPU
		{3D741457-3DDC-4CAD-B527-842E7A02E5E2}.Ad-Hoc|iPhoneSimulator.Deploy.0 = Release|Any CPU
		{3D741457-3DDC-4CAD-B527-842E7A02E5E2}.AppStore|Any CPU.ActiveCfg = Release|Any CPU
		{3D741457-3DDC-4CAD-B527-842E7A02E5E2}.AppStore|Any CPU.Build.0 = Release|Any CPU
		{3D741457-3DDC-4CAD-B527-842E7A02E5E2}.AppStore|Any CPU.Deploy.0 = Release|Any CPU
		{3D741457-3DDC-4CAD-B527-842E7A02E5E2}.AppStore|iPhone.ActiveCfg = Release|Any CPU
		{3D741457-3DDC-4CAD-B527-842E7A02E5E2}.AppStore|iPhone.Build.0 = Release|Any CPU
		{3D741457-3DDC-4CAD-B527-842E7A02E5E2}.AppStore|iPhone.Deploy.0 = Release|Any CPU
		{3D741457-3DDC-4CAD-B527-842E7A02E5E2}.AppStore|iPhoneSimulator.ActiveCfg = Release|Any CPU
		{3D741457-3DDC-4CAD-B527-842E7A02E5E2}.AppStore|iPhoneSimulator.Build.0 = Release|Any CPU
		{3D741457-3DDC-4CAD-B527-842E7A02E5E2}.AppStore|iPhoneSimulator.Deploy.0 = Release|Any CPU
		{3D741457-3DDC-4CAD-B527-842E7A02E5E2}.Debug|Any CPU.ActiveCfg = Debug|Any CPU
		{3D741457-3DDC-4CAD-B527-842E7A02E5E2}.Debug|Any CPU.Build.0 = Debug|Any CPU
		{3D741457-3DDC-4CAD-B527-842E7A02E5E2}.Debug|Any CPU.Deploy.0 = Debug|Any CPU
		{3D741457-3DDC-4CAD-B527-842E7A02E5E2}.Debug|iPhone.ActiveCfg = Debug|Any CPU
		{3D741457-3DDC-4CAD-B527-842E7A02E5E2}.Debug|iPhone.Build.0 = Debug|Any CPU
		{3D741457-3DDC-4CAD-B527-842E7A02E5E2}.Debug|iPhone.Deploy.0 = Debug|Any CPU
		{3D741457-3DDC-4CAD-B527-842E7A02E5E2}.Debug|iPhoneSimulator.ActiveCfg = Debug|Any CPU
		{3D741457-3DDC-4CAD-B527-842E7A02E5E2}.Debug|iPhoneSimulator.Build.0 = Debug|Any CPU
		{3D741457-3DDC-4CAD-B527-842E7A02E5E2}.Debug|iPhoneSimulator.Deploy.0 = Debug|Any CPU
		{3D741457-3DDC-4CAD-B527-842E7A02E5E2}.Release|Any CPU.ActiveCfg = Release|Any CPU
		{3D741457-3DDC-4CAD-B527-842E7A02E5E2}.Release|Any CPU.Build.0 = Release|Any CPU
		{3D741457-3DDC-4CAD-B527-842E7A02E5E2}.Release|Any CPU.Deploy.0 = Release|Any CPU
		{3D741457-3DDC-4CAD-B527-842E7A02E5E2}.Release|iPhone.ActiveCfg = Release|Any CPU
		{3D741457-3DDC-4CAD-B527-842E7A02E5E2}.Release|iPhone.Build.0 = Release|Any CPU
		{3D741457-3DDC-4CAD-B527-842E7A02E5E2}.Release|iPhone.Deploy.0 = Release|Any CPU
		{3D741457-3DDC-4CAD-B527-842E7A02E5E2}.Release|iPhoneSimulator.ActiveCfg = Release|Any CPU
		{3D741457-3DDC-4CAD-B527-842E7A02E5E2}.Release|iPhoneSimulator.Build.0 = Release|Any CPU
		{3D741457-3DDC-4CAD-B527-842E7A02E5E2}.Release|iPhoneSimulator.Deploy.0 = Release|Any CPU
		{04C20662-79AD-4667-A05D-0EEE955C7170}.Ad-Hoc|Any CPU.ActiveCfg = Ad-Hoc|iPhone
		{04C20662-79AD-4667-A05D-0EEE955C7170}.Ad-Hoc|Any CPU.Build.0 = Ad-Hoc|iPhone
		{04C20662-79AD-4667-A05D-0EEE955C7170}.Ad-Hoc|Any CPU.Deploy.0 = Ad-Hoc|iPhone
		{04C20662-79AD-4667-A05D-0EEE955C7170}.Ad-Hoc|iPhone.ActiveCfg = Ad-Hoc|iPhone
		{04C20662-79AD-4667-A05D-0EEE955C7170}.Ad-Hoc|iPhone.Build.0 = Ad-Hoc|iPhone
		{04C20662-79AD-4667-A05D-0EEE955C7170}.Ad-Hoc|iPhone.Deploy.0 = Ad-Hoc|iPhone
		{04C20662-79AD-4667-A05D-0EEE955C7170}.Ad-Hoc|iPhoneSimulator.ActiveCfg = Ad-Hoc|iPhoneSimulator
		{04C20662-79AD-4667-A05D-0EEE955C7170}.Ad-Hoc|iPhoneSimulator.Build.0 = Ad-Hoc|iPhoneSimulator
		{04C20662-79AD-4667-A05D-0EEE955C7170}.Ad-Hoc|iPhoneSimulator.Deploy.0 = Ad-Hoc|iPhoneSimulator
		{04C20662-79AD-4667-A05D-0EEE955C7170}.AppStore|Any CPU.ActiveCfg = AppStore|iPhone
		{04C20662-79AD-4667-A05D-0EEE955C7170}.AppStore|Any CPU.Build.0 = AppStore|iPhone
		{04C20662-79AD-4667-A05D-0EEE955C7170}.AppStore|Any CPU.Deploy.0 = AppStore|iPhone
		{04C20662-79AD-4667-A05D-0EEE955C7170}.AppStore|iPhone.ActiveCfg = AppStore|iPhone
		{04C20662-79AD-4667-A05D-0EEE955C7170}.AppStore|iPhone.Build.0 = AppStore|iPhone
		{04C20662-79AD-4667-A05D-0EEE955C7170}.AppStore|iPhone.Deploy.0 = AppStore|iPhone
		{04C20662-79AD-4667-A05D-0EEE955C7170}.AppStore|iPhoneSimulator.ActiveCfg = AppStore|iPhoneSimulator
		{04C20662-79AD-4667-A05D-0EEE955C7170}.AppStore|iPhoneSimulator.Build.0 = AppStore|iPhoneSimulator
		{04C20662-79AD-4667-A05D-0EEE955C7170}.AppStore|iPhoneSimulator.Deploy.0 = AppStore|iPhoneSimulator
		{04C20662-79AD-4667-A05D-0EEE955C7170}.Debug|Any CPU.ActiveCfg = Debug|iPhoneSimulator
		{04C20662-79AD-4667-A05D-0EEE955C7170}.Debug|Any CPU.Build.0 = Debug|iPhoneSimulator
		{04C20662-79AD-4667-A05D-0EEE955C7170}.Debug|Any CPU.Deploy.0 = Debug|iPhoneSimulator
		{04C20662-79AD-4667-A05D-0EEE955C7170}.Debug|iPhone.ActiveCfg = Debug|iPhone
		{04C20662-79AD-4667-A05D-0EEE955C7170}.Debug|iPhone.Build.0 = Debug|iPhone
		{04C20662-79AD-4667-A05D-0EEE955C7170}.Debug|iPhone.Deploy.0 = Debug|iPhone
		{04C20662-79AD-4667-A05D-0EEE955C7170}.Debug|iPhoneSimulator.ActiveCfg = Debug|iPhoneSimulator
		{04C20662-79AD-4667-A05D-0EEE955C7170}.Debug|iPhoneSimulator.Build.0 = Debug|iPhoneSimulator
		{04C20662-79AD-4667-A05D-0EEE955C7170}.Debug|iPhoneSimulator.Deploy.0 = Debug|iPhoneSimulator
		{04C20662-79AD-4667-A05D-0EEE955C7170}.Release|Any CPU.ActiveCfg = Release|iPhone
		{04C20662-79AD-4667-A05D-0EEE955C7170}.Release|Any CPU.Build.0 = Release|iPhone
		{04C20662-79AD-4667-A05D-0EEE955C7170}.Release|Any CPU.Deploy.0 = Release|iPhone
		{04C20662-79AD-4667-A05D-0EEE955C7170}.Release|iPhone.ActiveCfg = Release|iPhone
		{04C20662-79AD-4667-A05D-0EEE955C7170}.Release|iPhone.Build.0 = Release|iPhone
		{04C20662-79AD-4667-A05D-0EEE955C7170}.Release|iPhone.Deploy.0 = Release|iPhone
		{04C20662-79AD-4667-A05D-0EEE955C7170}.Release|iPhoneSimulator.ActiveCfg = Release|iPhoneSimulator
		{04C20662-79AD-4667-A05D-0EEE955C7170}.Release|iPhoneSimulator.Build.0 = Release|iPhoneSimulator
		{04C20662-79AD-4667-A05D-0EEE955C7170}.Release|iPhoneSimulator.Deploy.0 = Release|iPhoneSimulator
		{3250BA6D-7CBE-4C43-8ED5-191F696EF7A1}.Ad-Hoc|Any CPU.ActiveCfg = Debug|Any CPU
		{3250BA6D-7CBE-4C43-8ED5-191F696EF7A1}.Ad-Hoc|Any CPU.Build.0 = Debug|Any CPU
		{3250BA6D-7CBE-4C43-8ED5-191F696EF7A1}.Ad-Hoc|Any CPU.Deploy.0 = Debug|Any CPU
		{3250BA6D-7CBE-4C43-8ED5-191F696EF7A1}.Ad-Hoc|iPhone.ActiveCfg = Debug|Any CPU
		{3250BA6D-7CBE-4C43-8ED5-191F696EF7A1}.Ad-Hoc|iPhone.Build.0 = Debug|Any CPU
		{3250BA6D-7CBE-4C43-8ED5-191F696EF7A1}.Ad-Hoc|iPhone.Deploy.0 = Debug|Any CPU
		{3250BA6D-7CBE-4C43-8ED5-191F696EF7A1}.Ad-Hoc|iPhoneSimulator.ActiveCfg = Debug|Any CPU
		{3250BA6D-7CBE-4C43-8ED5-191F696EF7A1}.Ad-Hoc|iPhoneSimulator.Build.0 = Debug|Any CPU
		{3250BA6D-7CBE-4C43-8ED5-191F696EF7A1}.Ad-Hoc|iPhoneSimulator.Deploy.0 = Debug|Any CPU
		{3250BA6D-7CBE-4C43-8ED5-191F696EF7A1}.AppStore|Any CPU.ActiveCfg = Debug|Any CPU
		{3250BA6D-7CBE-4C43-8ED5-191F696EF7A1}.AppStore|Any CPU.Build.0 = Debug|Any CPU
		{3250BA6D-7CBE-4C43-8ED5-191F696EF7A1}.AppStore|Any CPU.Deploy.0 = Debug|Any CPU
		{3250BA6D-7CBE-4C43-8ED5-191F696EF7A1}.AppStore|iPhone.ActiveCfg = Debug|Any CPU
		{3250BA6D-7CBE-4C43-8ED5-191F696EF7A1}.AppStore|iPhone.Build.0 = Debug|Any CPU
		{3250BA6D-7CBE-4C43-8ED5-191F696EF7A1}.AppStore|iPhone.Deploy.0 = Debug|Any CPU
		{3250BA6D-7CBE-4C43-8ED5-191F696EF7A1}.AppStore|iPhoneSimulator.ActiveCfg = Debug|Any CPU
		{3250BA6D-7CBE-4C43-8ED5-191F696EF7A1}.AppStore|iPhoneSimulator.Build.0 = Debug|Any CPU
		{3250BA6D-7CBE-4C43-8ED5-191F696EF7A1}.AppStore|iPhoneSimulator.Deploy.0 = Debug|Any CPU
		{3250BA6D-7CBE-4C43-8ED5-191F696EF7A1}.Debug|Any CPU.ActiveCfg = Debug|Any CPU
		{3250BA6D-7CBE-4C43-8ED5-191F696EF7A1}.Debug|Any CPU.Build.0 = Debug|Any CPU
		{3250BA6D-7CBE-4C43-8ED5-191F696EF7A1}.Debug|Any CPU.Deploy.0 = Debug|Any CPU
		{3250BA6D-7CBE-4C43-8ED5-191F696EF7A1}.Debug|iPhone.ActiveCfg = Debug|Any CPU
		{3250BA6D-7CBE-4C43-8ED5-191F696EF7A1}.Debug|iPhone.Build.0 = Debug|Any CPU
		{3250BA6D-7CBE-4C43-8ED5-191F696EF7A1}.Debug|iPhone.Deploy.0 = Debug|Any CPU
		{3250BA6D-7CBE-4C43-8ED5-191F696EF7A1}.Debug|iPhoneSimulator.ActiveCfg = Debug|Any CPU
		{3250BA6D-7CBE-4C43-8ED5-191F696EF7A1}.Debug|iPhoneSimulator.Build.0 = Debug|Any CPU
		{3250BA6D-7CBE-4C43-8ED5-191F696EF7A1}.Debug|iPhoneSimulator.Deploy.0 = Debug|Any CPU
		{3250BA6D-7CBE-4C43-8ED5-191F696EF7A1}.Release|Any CPU.ActiveCfg = Release|Any CPU
		{3250BA6D-7CBE-4C43-8ED5-191F696EF7A1}.Release|Any CPU.Build.0 = Release|Any CPU
		{3250BA6D-7CBE-4C43-8ED5-191F696EF7A1}.Release|Any CPU.Deploy.0 = Release|Any CPU
		{3250BA6D-7CBE-4C43-8ED5-191F696EF7A1}.Release|iPhone.ActiveCfg = Release|Any CPU
		{3250BA6D-7CBE-4C43-8ED5-191F696EF7A1}.Release|iPhone.Build.0 = Release|Any CPU
		{3250BA6D-7CBE-4C43-8ED5-191F696EF7A1}.Release|iPhone.Deploy.0 = Release|Any CPU
		{3250BA6D-7CBE-4C43-8ED5-191F696EF7A1}.Release|iPhoneSimulator.ActiveCfg = Release|Any CPU
		{3250BA6D-7CBE-4C43-8ED5-191F696EF7A1}.Release|iPhoneSimulator.Build.0 = Release|Any CPU
		{3250BA6D-7CBE-4C43-8ED5-191F696EF7A1}.Release|iPhoneSimulator.Deploy.0 = Release|Any CPU
	EndGlobalSection
	GlobalSection(SolutionProperties) = preSolution
		HideSolutionNode = FALSE
	EndGlobalSection
	GlobalSection(ExtensibilityGlobals) = postSolution
		SolutionGuid = {C7FD1F37-2D5C-47C6-ACD2-40DBF068A38E}
	EndGlobalSection
EndGlobal
